// !$*UTF8*$!
{
	archiveVersion = 1;
	classes = {
	};
	objectVersion = 77;
	objects = {

/* Begin PBXContainerItemProxy section */
		99E1E5E0304124DD0032875E /* PBXContainerItemProxy */ = {
			isa = PBXContainerItemProxy;
			containerPortal = 99E1E5CA304124D90032875E /* Project object */;
			proxyType = 1;
			remoteGlobalIDString = 99E1E5D1304124D90032875E;
			remoteInfo = LXFinderLauncher;
		};
		99E1E5EA304124DD0032875E /* PBXContainerItemProxy */ = {
			isa = PBXContainerItemProxy;
			containerPortal = 99E1E5CA304124D90032875E /* Project object */;
			proxyType = 1;
			remoteGlobalIDString = 99E1E5D1304124D90032875E;
			remoteInfo = LXFinderLauncher;
		};
/* End PBXContainerItemProxy section */

/* Begin PBXFileReference section */
		99E1E5D2304124D90032875E /* LXFinderLauncher.app */ = {isa = PBXFileReference; explicitFileType = wrapper.application; includeInIndex = 0; path = LXFinderLauncher.app; sourceTree = BUILT_PRODUCTS_DIR; };
		99E1E5DF304124DD0032875E /* LXFinderLauncherTests.xctest */ = {isa = PBXFileReference; explicitFileType = wrapper.cfbundle; includeInIndex = 0; path = LXFinderLauncherTests.xctest; sourceTree = BUILT_PRODUCTS_DIR; };
		99E1E5E9304124DD0032875E /* LXFinderLauncherUITests.xctest */ = {isa = PBXFileReference; explicitFileType = wrapper.cfbundle; includeInIndex = 0; path = LXFinderLauncherUITests.xctest; sourceTree = BUILT_PRODUCTS_DIR; };
/* End PBXFileReference section */

/* Begin PBXFileSystemSynchronizedBuildFileExceptionSet section */
		99E1E5FF304124DD00328760 /* Exceptions for "LXFinderLauncher" folder in "LXFinderLauncher" target */ = {
			isa = PBXFileSystemSynchronizedBuildFileExceptionSet;
			membershipExceptions = (
				Info.plist,
			);
			target = 99E1E5D1304124D90032875E /* LXFinderLauncher */;
		};
/* End PBXFileSystemSynchronizedBuildFileExceptionSet section */

/* Begin PBXFileSystemSynchronizedRootGroup section */
		99E1E5D4304124D90032875E /* LXFinderLauncher */ = {
			isa = PBXFileSystemSynchronizedRootGroup;
			exceptions = (
				99E1E5FF304124DD00328760 /* Exceptions for "LXFinderLauncher" folder in "LXFinderLauncher" target */,
			);
			path = LXFinderLauncher;
			sourceTree = "<group>";
		};
		99E1E5E2304124DD0032875E /* LXFinderLauncherTests */ = {
			isa = PBXFileSystemSynchronizedRootGroup;
			path = LXFinderLauncherTests;
			sourceTree = "<group>";
		};
		99E1E5EC304124DD0032875E /* LXFinderLauncherUITests */ = {
			isa = PBXFileSystemSynchronizedRootGroup;
			path = LXFinderLauncherUITests;
			sourceTree = "<group>";
		};
/* End PBXFileSystemSynchronizedRootGroup section */

/* Begin PBXFrameworksBuildPhase section */
		99E1E5CF304124D90032875E /* Frameworks */ = {
			isa = PBXFrameworksBuildPhase;
			buildActionMask = 2147483647;
			files = (
			);
			runOnlyForDeploymentPostprocessing = 0;
		};
		99E1E5DC304124DD0032875E /* Frameworks */ = {
			isa = PBXFrameworksBuildPhase;
			buildActionMask = 2147483647;
			files = (
			);
			runOnlyForDeploymentPostprocessing = 0;
		};
		99E1E5E6304124DD0032875E /* Frameworks */ = {
			isa = PBXFrameworksBuildPhase;
			buildActionMask = 2147483647;
			files = (
			);
			runOnlyForDeploymentPostprocessing = 0;
		};
/* End PBXFrameworksBuildPhase section */

/* Begin PBXGroup section */
		99E1E5C9304124D90032875E = {
			isa = PBXGroup;
			children = (
				99E1E5D4304124D90032875E /* LXFinderLauncher */,
				99E1E5E2304124DD0032875E /* LXFinderLauncherTests */,
				99E1E5EC304124DD0032875E /* LXFinderLauncherUITests */,
				99E1E5D3304124D90032875E /* Products */,
			);
			sourceTree = "<group>";
		};
		99E1E5D3304124D90032875E /* Products */ = {
			isa = PBXGroup;
			children = (
				99E1E5D2304124D90032875E /* LXFinderLauncher.app */,
				99E1E5DF304124DD0032875E /* LXFinderLauncherTests.xctest */,
				99E1E5E9304124DD0032875E /* LXFinderLauncherUITests.xctest */,
			);
			name = Products;
			sourceTree = "<group>";
		};
/* End PBXGroup section */

/* Begin PBXNativeTarget section */
		99E1E5D1304124D90032875E /* LXFinderLauncher */ = {
			isa = PBXNativeTarget;
			buildConfigurationList = 99E1E5F3304124DD0032875E /* Build configuration list for PBXNativeTarget "LXFinderLauncher" */;
			buildPhases = (
				99E1E5CE304124D90032875E /* Sources */,
				99E1E5CF304124D90032875E /* Frameworks */,
				99E1E5D0304124D90032875E /* Resources */,
			);
			buildRules = (
			);
			dependencies = (
			);
			fileSystemSynchronizedGroups = (
				99E1E5D4304124D90032875E /* LXFinderLauncher */,
			);
			name = LXFinderLauncher;
			packageProductDependencies = (
			);
			productName = LXFinderLauncher;
			productReference = 99E1E5D2304124D90032875E /* LXFinderLauncher.app */;
			productType = "com.apple.product-type.application";
		};
		99E1E5DE304124DD0032875E /* LXFinderLauncherTests */ = {
			isa = PBXNativeTarget;
			buildConfigurationList = 99E1E5F6304124DD0032875E /* Build configuration list for PBXNativeTarget "LXFinderLauncherTests" */;
			buildPhases = (
				99E1E5DB304124DD0032875E /* Sources */,
				99E1E5DC304124DD0032875E /* Frameworks */,
				99E1E5DD304124DD0032875E /* Resources */,
			);
			buildRules = (
			);
			dependencies = (
				99E1E5E1304124DD0032875E /* PBXTargetDependency */,
			);
			fileSystemSynchronizedGroups = (
				99E1E5E2304124DD0032875E /* LXFinderLauncherTests */,
			);
			name = LXFinderLauncherTests;
			packageProductDependencies = (
			);
			productName = LXFinderLauncherTests;
			productReference = 99E1E5DF304124DD0032875E /* LXFinderLauncherTests.xctest */;
			productType = "com.apple.product-type.bundle.unit-test";
		};
		99E1E5E8304124DD0032875E /* LXFinderLauncherUITests */ = {
			isa = PBXNativeTarget;
			buildConfigurationList = 99E1E5F9304124DD0032875E /* Build configuration list for PBXNativeTarget "LXFinderLauncherUITests" */;
			buildPhases = (
				99E1E5E5304124DD0032875E /* Sources */,
				99E1E5E6304124DD0032875E /* Frameworks */,
				99E1E5E7304124DD0032875E /* Resources */,
			);
			buildRules = (
			);
			dependencies = (
				99E1E5EB304124DD0032875E /* PBXTargetDependency */,
			);
			fileSystemSynchronizedGroups = (
				99E1E5EC304124DD0032875E /* LXFinderLauncherUITests */,
			);
			name = LXFinderLauncherUITests;
			packageProductDependencies = (
			);
			productName = LXFinderLauncherUITests;
			productReference = 99E1E5E9304124DD0032875E /* LXFinderLauncherUITests.xctest */;
			productType = "com.apple.product-type.bundle.ui-testing";
		};
/* End PBXNativeTarget section */

/* Begin PBXProject section */
		99E1E5CA304124D90032875E /* Project object */ = {
			isa = PBXProject;
			attributes = {
				BuildIndependentTargetsInParallel = 1;
				LastSwiftUpdateCheck = 2630;
				LastUpgradeCheck = 2630;
				TargetAttributes = {
					99E1E5D1304124D90032875E = {
						CreatedOnToolsVersion = 26.3;
					};
					99E1E5DE304124DD0032875E = {
						CreatedOnToolsVersion = 26.3;
						TestTargetID = 99E1E5D1304124D90032875E;
					};
					99E1E5E8304124DD0032875E = {
						CreatedOnToolsVersion = 26.3;
						TestTargetID = 99E1E5D1304124D90032875E;
					};
				};
			};
			buildConfigurationList = 99E1E5CD304124D90032875E /* Build configuration list for PBXProject "LXFinderLauncher" */;
			developmentRegion = en;
			hasScannedForEncodings = 0;
			knownRegions = (
				en,
				Base,
			);
			mainGroup = 99E1E5C9304124D90032875E;
			minimizedProjectReferenceProxies = 1;
			preferredProjectObjectVersion = 77;
			productRefGroup = 99E1E5D3304124D90032875E /* Products */;
			projectDirPath = "";
			projectRoot = "";
			targets = (
				99E1E5D1304124D90032875E /* LXFinderLauncher */,
				99E1E5DE304124DD0032875E /* LXFinderLauncherTests */,
				99E1E5E8304124DD0032875E /* LXFinderLauncherUITests */,
			);
		};
/* End PBXProject section */

/* Begin PBXResourcesBuildPhase section */
		99E1E5D0304124D90032875E /* Resources */ = {
			isa = PBXResourcesBuildPhase;
			buildActionMask = 2147483647;
			files = (
			);
			runOnlyForDeploymentPostprocessing = 0;
		};
		99E1E5DD304124DD0032875E /* Resources */ = {
			isa = PBXResourcesBuildPhase;
			buildActionMask = 2147483647;
			files = (
			);
			runOnlyForDeploymentPostprocessing = 0;
		};
		99E1E5E7304124DD0032875E /* Resources */ = {
			isa = PBXResourcesBuildPhase;
			buildActionMask = 2147483647;
			files = (
			);
			runOnlyForDeploymentPostprocessing = 0;
		};
/* End PBXResourcesBuildPhase section */

/* Begin PBXSourcesBuildPhase section */
		99E1E5CE304124D90032875E /* Sources */ = {
			isa = PBXSourcesBuildPhase;
			buildActionMask = 2147483647;
			files = (
			);
			runOnlyForDeploymentPostprocessing = 0;
		};
		99E1E5DB304124DD0032875E /* Sources */ = {
			isa = PBXSourcesBuildPhase;
			buildActionMask = 2147483647;
			files = (
			);
			runOnlyForDeploymentPostprocessing = 0;
		};
		99E1E5E5304124DD0032875E /* Sources */ = {
			isa = PBXSourcesBuildPhase;
			buildActionMask = 2147483647;
			files = (
			);
			runOnlyForDeploymentPostprocessing = 0;
		};
/* End PBXSourcesBuildPhase section */

/* Begin PBXTargetDependency section */
		99E1E5E1304124DD0032875E /* PBXTargetDependency */ = {
			isa = PBXTargetDependency;
			target = 99E1E5D1304124D90032875E /* LXFinderLauncher */;
			targetProxy = 99E1E5E0304124DD0032875E /* PBXContainerItemProxy */;
		};
		99E1E5EB304124DD0032875E /* PBXTargetDependency */ = {
			isa = PBXTargetDependency;
			target = 99E1E5D1304124D90032875E /* LXFinderLauncher */;
			targetProxy = 99E1E5EA304124DD0032875E /* PBXContainerItemProxy */;
		};
/* End PBXTargetDependency section */

/* Begin XCBuildConfiguration section */
		99E1E5F1304124DD0032875E /* Debug */ = {
			isa = XCBuildConfiguration;
			buildSettings = {
				ALWAYS_SEARCH_USER_PATHS = NO;
				ASSETCATALOG_COMPILER_GENERATE_SWIFT_ASSET_SYMBOL_EXTENSIONS = YES;
				CLANG_ANALYZER_NONNULL = YES;
				CLANG_ANALYZER_NUMBER_OBJECT_CONVERSION = YES_AGGRESSIVE;
				CLANG_CXX_LANGUAGE_STANDARD = "gnu++20";
				CLANG_ENABLE_MODULES = YES;
				CLANG_ENABLE_OBJC_ARC = YES;
				CLANG_ENABLE_OBJC_WEAK = YES;
				CLANG_WARN_BLOCK_CAPTURE_AUTORELEASING = YES;
				CLANG_WARN_BOOL_CONVERSION = YES;
				CLANG_WARN_COMMA = YES;
				CLANG_WARN_CONSTANT_CONVERSION = YES;
				CLANG_WARN_DEPRECATED_OBJC_IMPLEMENTATIONS = YES;
				CLANG_WARN_DIRECT_OBJC_ISA_USAGE = YES_ERROR;
				CLANG_WARN_DOCUMENTATION_COMMENTS = YES;
				CLANG_WARN_EMPTY_BODY = YES;
				CLANG_WARN_ENUM_CONVERSION = YES;
				CLANG_WARN_INFINITE_RECURSION = YES;
				CLANG_WARN_INT_CONVERSION = YES;
				CLANG_WARN_NON_LITERAL_NULL_CONVERSION = YES;
				CLANG_WARN_OBJC_IMPLICIT_RETAIN_SELF = YES;
				CLANG_WARN_OBJC_LITERAL_CONVERSION = YES;
				CLANG_WARN_OBJC_ROOT_CLASS = YES_ERROR;
				CLANG_WARN_QUOTED_INCLUDE_IN_FRAMEWORK_HEADER = YES;
				CLANG_WARN_RANGE_LOOP_ANALYSIS = YES;
				CLANG_WARN_STRICT_PROTOTYPES = YES;
				CLANG_WARN_SUSPICIOUS_MOVE = YES;
				CLANG_WARN_UNGUARDED_AVAILABILITY = YES_AGGRESSIVE;
				CLANG_WARN_UNREACHABLE_CODE = YES;
				CLANG_WARN__DUPLICATE_METHOD_MATCH = YES;
				COPY_PHASE_STRIP = NO;
				DEBUG_INFORMATION_FORMAT = dwarf;
				DEVELOPMENT_TEAM = FL2VP3W5B3;
				ENABLE_STRICT_OBJC_MSGSEND = YES;
				ENABLE_TESTABILITY = YES;
				ENABLE_USER_SCRIPT_SANDBOXING = YES;
				GCC_C_LANGUAGE_STANDARD = gnu17;
				GCC_DYNAMIC_NO_PIC = NO;
				GCC_NO_COMMON_BLOCKS = YES;
				GCC_OPTIMIZATION_LEVEL = 0;
				GCC_PREPROCESSOR_DEFINITIONS = (
					"DEBUG=1",
					"$(inherited)",
				);
				GCC_WARN_64_TO_32_BIT_CONVERSION = YES;
				GCC_WARN_ABOUT_RETURN_TYPE = YES_ERROR;
				GCC_WARN_UNDECLARED_SELECTOR = YES;
				GCC_WARN_UNINITIALIZED_AUTOS = YES_AGGRESSIVE;
				GCC_WARN_UNUSED_FUNCTION = YES;
				GCC_WARN_UNUSED_VARIABLE = YES;
				LOCALIZATION_PREFERS_STRING_CATALOGS = YES;
				MACOSX_DEPLOYMENT_TARGET = 15.7;
				MTL_ENABLE_DEBUG_INFO = INCLUDE_SOURCE;
				MTL_FAST_MATH = YES;
				ONLY_ACTIVE_ARCH = YES;
				SDKROOT = macosx;
				SWIFT_ACTIVE_COMPILATION_CONDITIONS = "DEBUG $(inherited)";
				SWIFT_OPTIMIZATION_LEVEL = "-Onone";
			};
			name = Debug;
		};
		99E1E5F2304124DD0032875E /* Release */ = {
			isa = XCBuildConfiguration;
			buildSettings = {
				ALWAYS_SEARCH_USER_PATHS = NO;
				ASSETCATALOG_COMPILER_GENERATE_SWIFT_ASSET_SYMBOL_EXTENSIONS = YES;
				CLANG_ANALYZER_NONNULL = YES;
				CLANG_ANALYZER_NUMBER_OBJECT_CONVERSION = YES_AGGRESSIVE;
				CLANG_CXX_LANGUAGE_STANDARD = "gnu++20";
				CLANG_ENABLE_MODULES = YES;
				CLANG_ENABLE_OBJC_ARC = YES;
				CLANG_ENABLE_OBJC_WEAK = YES;
				CLANG_WARN_BLOCK_CAPTURE_AUTORELEASING = YES;
				CLANG_WARN_BOOL_CONVERSION = YES;
				CLANG_WARN_COMMA = YES;
				CLANG_WARN_CONSTANT_CONVERSION = YES;
				CLANG_WARN_DEPRECATED_OBJC_IMPLEMENTATIONS = YES;
				CLANG_WARN_DIRECT_OBJC_ISA_USAGE = YES_ERROR;
				CLANG_WARN_DOCUMENTATION_COMMENTS = YES;
				CLANG_WARN_EMPTY_BODY = YES;
				CLANG_WARN_ENUM_CONVERSION = YES;
				CLANG_WARN_INFINITE_RECURSION = YES;
				CLANG_WARN_INT_CONVERSION = YES;
				CLANG_WARN_NON_LITERAL_NULL_CONVERSION = YES;
				CLANG_WARN_OBJC_IMPLICIT_RETAIN_SELF = YES;
				CLANG_WARN_OBJC_LITERAL_CONVERSION = YES;
				CLANG_WARN_OBJC_ROOT_CLASS = YES_ERROR;
				CLANG_WARN_QUOTED_INCLUDE_IN_FRAMEWORK_HEADER = YES;
				CLANG_WARN_RANGE_LOOP_ANALYSIS = YES;
				CLANG_WARN_STRICT_PROTOTYPES = YES;
				CLANG_WARN_SUSPICIOUS_MOVE = YES;
				CLANG_WARN_UNGUARDED_AVAILABILITY = YES_AGGRESSIVE;
				CLANG_WARN_UNREACHABLE_CODE = YES;
				CLANG_WARN__DUPLICATE_METHOD_MATCH = YES;
				COPY_PHASE_STRIP = NO;
				DEBUG_INFORMATION_FORMAT = "dwarf-with-dsym";
				DEVELOPMENT_TEAM = FL2VP3W5B3;
				ENABLE_NS_ASSERTIONS = NO;
				ENABLE_STRICT_OBJC_MSGSEND = YES;
				ENABLE_USER_SCRIPT_SANDBOXING = YES;
				GCC_C_LANGUAGE_STANDARD = gnu17;
				GCC_NO_COMMON_BLOCKS = YES;
				GCC_WARN_64_TO_32_BIT_CONVERSION = YES;
				GCC_WARN_ABOUT_RETURN_TYPE = YES_ERROR;
				GCC_WARN_UNDECLARED_SELECTOR = YES;
				GCC_WARN_UNINITIALIZED_AUTOS = YES_AGGRESSIVE;
				GCC_WARN_UNUSED_FUNCTION = YES;
				GCC_WARN_UNUSED_VARIABLE = YES;
				LOCALIZATION_PREFERS_STRING_CATALOGS = YES;
				MACOSX_DEPLOYMENT_TARGET = 15.7;
				MTL_ENABLE_DEBUG_INFO = NO;
				MTL_FAST_MATH = YES;
				SDKROOT = macosx;
				SWIFT_COMPILATION_MODE = wholemodule;
			};
			name = Release;
		};
		99E1E5F4304124DD0032875E /* Debug */ = {
			isa = XCBuildConfiguration;
			buildSettings = {
				ASSETCATALOG_COMPILER_APPICON_NAME = AppIcon;
				ASSETCATALOG_COMPILER_GLOBAL_ACCENT_COLOR_NAME = AccentColor;
				CODE_SIGN_STYLE = Automatic;
				COMBINE_HIDPI_IMAGES = YES;
				CURRENT_PROJECT_VERSION = 1;
				DEVELOPMENT_TEAM = FL2VP3W5B3;
				ENABLE_APP_SANDBOX = NO;
				ENABLE_HARDENED_RUNTIME = YES;
				ENABLE_PREVIEWS = YES;
				ENABLE_USER_SELECTED_FILES = readonly;
				GENERATE_INFOPLIST_FILE = YES;
				INFOPLIST_FILE = LXFinderLauncher/Info.plist;
				INFOPLIST_KEY_NSHumanReadableCopyright = "";
				LD_RUNPATH_SEARCH_PATHS = (
					"$(inherited)",
					"@executable_path/../Frameworks",
				);
				MARKETING_VERSION = 1.1.0;
				PRODUCT_BUNDLE_IDENTIFIER = com.linx.LXFinderLauncher;
				PRODUCT_NAME = "$(TARGET_NAME)";
				REGISTER_APP_GROUPS = YES;
				STRING_CATALOG_GENERATE_SYMBOLS = YES;
				SWIFT_APPROACHABLE_CONCURRENCY = YES;
				SWIFT_DEFAULT_ACTOR_ISOLATION = MainActor;
				SWIFT_EMIT_LOC_STRINGS = YES;
				SWIFT_UPCOMING_FEATURE_MEMBER_IMPORT_VISIBILITY = YES;
				SWIFT_VERSION = 5.0;
			};
			name = Debug;
		};
		99E1E5F5304124DD0032875E /* Release */ = {
			isa = XCBuildConfiguration;
			buildSettings = {
				ASSETCATALOG_COMPILER_APPICON_NAME = AppIcon;
				ASSETCATALOG_COMPILER_GLOBAL_ACCENT_COLOR_NAME = AccentColor;
				CODE_SIGN_STYLE = Automatic;
				COMBINE_HIDPI_IMAGES = YES;
				CURRENT_PROJECT_VERSION = 1;
				DEVELOPMENT_TEAM = FL2VP3W5B3;
				ENABLE_APP_SANDBOX = NO;
				ENABLE_HARDENED_RUNTIME = YES;
				ENABLE_PREVIEWS = YES;
				ENABLE_USER_SELECTED_FILES = readonly;
				GENERATE_INFOPLIST_FILE = YES;
				INFOPLIST_FILE = LXFinderLauncher/Info.plist;
				INFOPLIST_KEY_NSHumanReadableCopyright = "";
				LD_RUNPATH_SEARCH_PATHS = (
					"$(inherited)",
					"@executable_path/../Frameworks",
				);
				MARKETING_VERSION = 1.1.0;
				PRODUCT_BUNDLE_IDENTIFIER = com.linx.LXFinderLauncher;
				PRODUCT_NAME = "$(TARGET_NAME)";
				REGISTER_APP_GROUPS = YES;
				STRING_CATALOG_GENERATE_SYMBOLS = YES;
				SWIFT_APPROACHABLE_CONCURRENCY = YES;
				SWIFT_DEFAULT_ACTOR_ISOLATION = MainActor;
				SWIFT_EMIT_LOC_STRINGS = YES;
				SWIFT_UPCOMING_FEATURE_MEMBER_IMPORT_VISIBILITY = YES;
				SWIFT_VERSION = 5.0;
			};
			name = Release;
		};
		99E1E5F7304124DD0032875E /* Debug */ = {
			isa = XCBuildConfiguration;
			buildSettings = {
				BUNDLE_LOADER = "$(TEST_HOST)";
				CODE_SIGN_STYLE = Automatic;
				CURRENT_PROJECT_VERSION = 1;
				DEVELOPMENT_TEAM = FL2VP3W5B3;
				GENERATE_INFOPLIST_FILE = YES;
				MACOSX_DEPLOYMENT_TARGET = 15.7;
				MARKETING_VERSION = 1.1.0;
				PRODUCT_BUNDLE_IDENTIFIER = com.linx.LXFinderLauncherTests;
				PRODUCT_NAME = "$(TARGET_NAME)";
				STRING_CATALOG_GENERATE_SYMBOLS = NO;
				SWIFT_APPROACHABLE_CONCURRENCY = YES;
				SWIFT_EMIT_LOC_STRINGS = NO;
				SWIFT_UPCOMING_FEATURE_MEMBER_IMPORT_VISIBILITY = YES;
				SWIFT_VERSION = 5.0;
				TEST_HOST = "$(BUILT_PRODUCTS_DIR)/LXFinderLauncher.app/$(BUNDLE_EXECUTABLE_FOLDER_PATH)/LXFinderLauncher";
			};
			name = Debug;
		};
		99E1E5F8304124DD0032875E /* Release */ = {
			isa = XCBuildConfiguration;
			buildSettings = {
				BUNDLE_LOADER = "$(TEST_HOST)";
				CODE_SIGN_STYLE = Automatic;
				CURRENT_PROJECT_VERSION = 1;
				DEVELOPMENT_TEAM = FL2VP3W5B3;
				GENERATE_INFOPLIST_FILE = YES;
				MACOSX_DEPLOYMENT_TARGET = 15.7;
				MARKETING_VERSION = 1.1.0;
				PRODUCT_BUNDLE_IDENTIFIER = com.linx.LXFinderLauncherTests;
				PRODUCT_NAME = "$(TARGET_NAME)";
				STRING_CATALOG_GENERATE_SYMBOLS = NO;
				SWIFT_APPROACHABLE_CONCURRENCY = YES;
				SWIFT_EMIT_LOC_STRINGS = NO;
				SWIFT_UPCOMING_FEATURE_MEMBER_IMPORT_VISIBILITY = YES;
				SWIFT_VERSION = 5.0;
				TEST_HOST = "$(BUILT_PRODUCTS_DIR)/LXFinderLauncher.app/$(BUNDLE_EXECUTABLE_FOLDER_PATH)/LXFinderLauncher";
			};
			name = Release;
		};
		99E1E5FA304124DD0032875E /* Debug */ = {
			isa = XCBuildConfiguration;
			buildSettings = {
				CODE_SIGN_STYLE = Automatic;
				CURRENT_PROJECT_VERSION = 1;
				DEVELOPMENT_TEAM = FL2VP3W5B3;
				GENERATE_INFOPLIST_FILE = YES;
				MARKETING_VERSION = 1.1.0;
				PRODUCT_BUNDLE_IDENTIFIER = com.linx.LXFinderLauncherUITests;
				PRODUCT_NAME = "$(TARGET_NAME)";
				STRING_CATALOG_GENERATE_SYMBOLS = NO;
				SWIFT_APPROACHABLE_CONCURRENCY = YES;
				SWIFT_EMIT_LOC_STRINGS = NO;
				SWIFT_UPCOMING_FEATURE_MEMBER_IMPORT_VISIBILITY = YES;
				SWIFT_VERSION = 5.0;
				TEST_TARGET_NAME = LXFinderLauncher;
			};
			name = Debug;
		};
		99E1E5FB304124DD0032875E /* Release */ = {
			isa = XCBuildConfiguration;
			buildSettings = {
				CODE_SIGN_STYLE = Automatic;
				CURRENT_PROJECT_VERSION = 1;
				DEVELOPMENT_TEAM = FL2VP3W5B3;
				GENERATE_INFOPLIST_FILE = YES;
				MARKETING_VERSION = 1.1.0;
				PRODUCT_BUNDLE_IDENTIFIER = com.linx.LXFinderLauncherUITests;
				PRODUCT_NAME = "$(TARGET_NAME)";
				STRING_CATALOG_GENERATE_SYMBOLS = NO;
				SWIFT_APPROACHABLE_CONCURRENCY = YES;
				SWIFT_EMIT_LOC_STRINGS = NO;
				SWIFT_UPCOMING_FEATURE_MEMBER_IMPORT_VISIBILITY = YES;
				SWIFT_VERSION = 5.0;
				TEST_TARGET_NAME = LXFinderLauncher;
			};
			name = Release;
		};
/* End XCBuildConfiguration section */

/* Begin XCConfigurationList section */
		99E1E5CD304124D90032875E /* Build configuration list for PBXProject "LXFinderLauncher" */ = {
			isa = XCConfigurationList;
			buildConfigurations = (
				99E1E5F1304124DD0032875E /* Debug */,
				99E1E5F2304124DD0032875E /* Release */,
			);
			defaultConfigurationIsVisible = 0;
			defaultConfigurationName = Release;
		};
		99E1E5F3304124DD0032875E /* Build configuration list for PBXNativeTarget "LXFinderLauncher" */ = {
			isa = XCConfigurationList;
			buildConfigurations = (
				99E1E5F4304124DD0032875E /* Debug */,
				99E1E5F5304124DD0032875E /* Release */,
			);
			defaultConfigurationIsVisible = 0;
			defaultConfigurationName = Release;
		};
		99E1E5F6304124DD0032875E /* Build configuration list for PBXNativeTarget "LXFinderLauncherTests" */ = {
			isa = XCConfigurationList;
			buildConfigurations = (
				99E1E5F7304124DD0032875E /* Debug */,
				99E1E5F8304124DD0032875E /* Release */,
			);
			defaultConfigurationIsVisible = 0;
			defaultConfigurationName = Release;
		};
		99E1E5F9304124DD0032875E /* Build configuration list for PBXNativeTarget "LXFinderLauncherUITests" */ = {
			isa = XCConfigurationList;
			buildConfigurations = (
				99E1E5FA304124DD0032875E /* Debug */,
				99E1E5FB304124DD0032875E /* Release */,
			);
			defaultConfigurationIsVisible = 0;
			defaultConfigurationName = Release;
		};
/* End XCConfigurationList section */
	};
	rootObject = 99E1E5CA304124D90032875E /* Project object */;
}
